
Microsoft Visual Studio Solution File, Format Version 12.00
# Visual Studio Version 16
VisualStudioVersion = 16.0.30114.105
MinimumVisualStudioVersion = 10.0.40219.1
Project("{FAE04EC0-301F-11D3-BF4B-00C04F79EFBC}") = "SoftRequest", "SoftRequest.csproj", "{10A8370C-F066-4271-AE5B-7561D3F3CB68}"
EndProject
Global
	GlobalSection(SolutionConfigurationPlatforms) = preSolution
		Debug|Any CPU = Debug|Any CPU
		Release|Any CPU = Release|Any CPU
	EndGlobalSection
	GlobalSection(ProjectConfigurationPlatforms) = postSolution
		{10A8370C-F066-4271-AE5B-7561D3F3CB68}.Debug|Any CPU.ActiveCfg = Debug|Any CPU
		{10A8370C-F066-4271-AE5B-7561D3F3CB68}.Debug|Any CPU.Build.0 = Debug|Any CPU
		{10A8370C-F066-4271-AE5B-7561D3F3CB68}.Release|Any CPU.ActiveCfg = Release|Any CPU
		{10A8370C-F066-4271-AE5B-7561D3F3CB68}.Release|Any CPU.Build.0 = Release|Any CPU
	EndGlobalSection
	GlobalSection(SolutionProperties) = preSolution
		HideSolutionNode = FALSE
	EndGlobalSection
	GlobalSection(ExtensibilityGlobals) = postSolution
		SolutionGuid = {C6248524-028A-4F15-BFF2-40D1E974B672}
	EndGlobalSection
EndGlobal
